// !$*UTF8*$!
{
	archiveVersion = 1;
	classes = {
	};
	objectVersion = 46;
	objects = {

/* Begin PBXBuildFile section */
		7938FA391DD39F7D00D8C555 /* AppDelegate.swift in Sources */ = {isa = PBXBuildFile; fileRef = 7938FA381DD39F7D00D8C555 /* AppDelegate.swift */; };
		7938FA3B1DD39F7D00D8C555 /* ColoniesViewController.swift in Sources */ = {isa = PBXBuildFile; fileRef = 7938FA3A1DD39F7D00D8C555 /* ColoniesViewController.swift */; };
		7938FA3E1DD39F7D00D8C555 /* Main.storyboard in Resources */ = {isa = PBXBuildFile; fileRef = 7938FA3C1DD39F7D00D8C555 /* Main.storyboard */; };
		7938FA401DD39F7D00D8C555 /* Assets.xcassets in Resources */ = {isa = PBXBuildFile; fileRef = 7938FA3F1DD39F7D00D8C555 /* Assets.xcassets */; };
		7938FA431DD39F7D00D8C555 /* LaunchScreen.storyboard in Resources */ = {isa = PBXBuildFile; fileRef = 7938FA411DD39F7D00D8C555 /* LaunchScreen.storyboard */; };
		7938FA4B1DD3A01500D8C555 /* ColonyStore.swift in Sources */ = {isa = PBXBuildFile; fileRef = 7938FA4A1DD3A01500D8C555 /* ColonyStore.swift */; };
		7938FA4D1DD3A02500D8C555 /* Colony.swift in Sources */ = {isa = PBXBuildFile; fileRef = 7938FA4C1DD3A02500D8C555 /* Colony.swift */; };
		7938FA4F1DD3A02F00D8C555 /* ColonyCell.swift in Sources */ = {isa = PBXBuildFile; fileRef = 7938FA4E1DD3A02F00D8C555 /* ColonyCell.swift */; };
		79DB8FAC1DD6C3C2009239EE /* TableColonyItem.swift in Sources */ = {isa = PBXBuildFile; fileRef = 79DB8FAB1DD6C3C2009239EE /* TableColonyItem.swift */; };
/* End PBXBuildFile section */

/* Begin PBXFileReference section */
		7938FA351DD39F7D00D8C555 /* GOLApp.app */ = {isa = PBXFileReference; explicitFileType = wrapper.application; includeInIndex = 0; path = GOLApp.app; sourceTree = BUILT_PRODUCTS_DIR; };
		7938FA381DD39F7D00D8C555 /* AppDelegate.swift */ = {isa = PBXFileReference; lastKnownFileType = sourcecode.swift; path = AppDelegate.swift; sourceTree = "<group>"; };
		7938FA3A1DD39F7D00D8C555 /* ColoniesViewController.swift */ = {isa = PBXFileReference; lastKnownFileType = sourcecode.swift; path = ColoniesViewController.swift; sourceTree = "<group>"; };
		7938FA3D1DD39F7D00D8C555 /* Base */ = {isa = PBXFileReference; lastKnownFileType = file.storyboard; name = Base; path = Base.lproj/Main.storyboard; sourceTree = "<group>"; };
		7938FA3F1DD39F7D00D8C555 /* Assets.xcassets */ = {isa = PBXFileReference; lastKnownFileType = folder.assetcatalog; path = Assets.xcassets; sourceTree = "<group>"; };
		7938FA421DD39F7D00D8C555 /* Base */ = {isa = PBXFileReference; lastKnownFileType = file.storyboard; name = Base; path = Base.lproj/LaunchScreen.storyboard; sourceTree = "<group>"; };
		7938FA441DD39F7D00D8C555 /* Info.plist */ = {isa = PBXFileReference; lastKnownFileType = text.plist.xml; path = Info.plist; sourceTree = "<group>"; };
		7938FA4A1DD3A01500D8C555 /* ColonyStore.swift */ = {isa = PBXFileReference; fileEncoding = 4; lastKnownFileType = sourcecode.swift; path = ColonyStore.swift; sourceTree = "<group>"; };
		7938FA4C1DD3A02500D8C555 /* Colony.swift */ = {isa = PBXFileReference; fileEncoding = 4; lastKnownFileType = sourcecode.swift; path = Colony.swift; sourceTree = "<group>"; };
		7938FA4E1DD3A02F00D8C555 /* ColonyCell.swift */ = {isa = PBXFileReference; fileEncoding = 4; lastKnownFileType = sourcecode.swift; path = ColonyCell.swift; sourceTree = "<group>"; };
		79DB8FAB1DD6C3C2009239EE /* TableColonyItem.swift */ = {isa = PBXFileReference; fileEncoding = 4; lastKnownFileType = sourcecode.swift; path = TableColonyItem.swift; sourceTree = "<group>"; };
/* End PBXFileReference section */

/* Begin PBXFrameworksBuildPhase section */
		7938FA321DD39F7D00D8C555 /* Frameworks */ = {
			isa = PBXFrameworksBuildPhase;
			buildActionMask = 2147483647;
			files = (
			);
			runOnlyForDeploymentPostprocessing = 0;
		};
/* End PBXFrameworksBuildPhase section */

/* Begin PBXGroup section */
		7938FA2C1DD39F7D00D8C555 = {
			isa = PBXGroup;
			children = (
				7938FA371DD39F7D00D8C555 /* GOLApp */,
				7938FA361DD39F7D00D8C555 /* Products */,
			);
			sourceTree = "<group>";
		};
		7938FA361DD39F7D00D8C555 /* Products */ = {
			isa = PBXGroup;
			children = (
				7938FA351DD39F7D00D8C555 /* GOLApp.app */,
			);
			name = Products;
			sourceTree = "<group>";
		};
		7938FA371DD39F7D00D8C555 /* GOLApp */ = {
			isa = PBXGroup;
			children = (
				7938FA381DD39F7D00D8C555 /* AppDelegate.swift */,
				7938FA3A1DD39F7D00D8C555 /* ColoniesViewController.swift */,
				7938FA3C1DD39F7D00D8C555 /* Main.storyboard */,
				79DB8FAB1DD6C3C2009239EE /* TableColonyItem.swift */,
				7938FA4A1DD3A01500D8C555 /* ColonyStore.swift */,
				7938FA4C1DD3A02500D8C555 /* Colony.swift */,
				7938FA4E1DD3A02F00D8C555 /* ColonyCell.swift */,
				7938FA3F1DD39F7D00D8C555 /* Assets.xcassets */,
				7938FA411DD39F7D00D8C555 /* LaunchScreen.storyboard */,
				7938FA441DD39F7D00D8C555 /* Info.plist */,
			);
			path = GOLApp;
			sourceTree = "<group>";
		};
/* End PBXGroup section */

/* Begin PBXNativeTarget section */
		7938FA341DD39F7D00D8C555 /* GOLApp */ = {
			isa = PBXNativeTarget;
			buildConfigurationList = 7938FA471DD39F7D00D8C555 /* Build configuration list for PBXNativeTarget "GOLApp" */;
			buildPhases = (
				7938FA311DD39F7D00D8C555 /* Sources */,
				7938FA321DD39F7D00D8C555 /* Frameworks */,
				7938FA331DD39F7D00D8C555 /* Resources */,
			);
			buildRules = (
			);
			dependencies = (
			);
			name = GOLApp;
			productName = GOLApp;
			productReference = 7938FA351DD39F7D00D8C555 /* GOLApp.app */;
			productType = "com.apple.product-type.application";
		};
/* End PBXNativeTarget section */

/* Begin PBXProject section */
		7938FA2D1DD39F7D00D8C555 /* Project object */ = {
			isa = PBXProject;
			attributes = {
				LastSwiftUpdateCheck = 0810;
				LastUpgradeCheck = 0810;
				ORGANIZATIONNAME = "Yaniv Amiri";
				TargetAttributes = {
					7938FA341DD39F7D00D8C555 = {
						CreatedOnToolsVersion = 8.1;
						ProvisioningStyle = Automatic;
					};
				};
			};
			buildConfigurationList = 7938FA301DD39F7D00D8C555 /* Build configuration list for PBXProject "GOLApp" */;
			compatibilityVersion = "Xcode 3.2";
			developmentRegion = English;
			hasScannedForEncodings = 0;
			knownRegions = (
				en,
				Base,
			);
			mainGroup = 7938FA2C1DD39F7D00D8C555;
			productRefGroup = 7938FA361DD39F7D00D8C555 /* Products */;
			projectDirPath = "";
			projectRoot = "";
			targets = (
				7938FA341DD39F7D00D8C555 /* GOLApp */,
			);
		};
/* End PBXProject section */

/* Begin PBXResourcesBuildPhase section */
		7938FA331DD39F7D00D8C555 /* Resources */ = {
			isa = PBXResourcesBuildPhase;
			buildActionMask = 2147483647;
			files = (
				7938FA431DD39F7D00D8C555 /* LaunchScreen.storyboard in Resources */,
				7938FA401DD39F7D00D8C555 /* Assets.xcassets in Resources */,
				7938FA3E1DD39F7D00D8C555 /* Main.storyboard in Resources */,
			);
			runOnlyForDeploymentPostprocessing = 0;
		};
/* End PBXResourcesBuildPhase section */

/* Begin PBXSourcesBuildPhase section */
		7938FA311DD39F7D00D8C555 /* Sources */ = {
			isa = PBXSourcesBuildPhase;
			buildActionMask = 2147483647;
			files = (
				7938FA3B1DD39F7D00D8C555 /* ColoniesViewController.swift in Sources */,
				79DB8FAC1DD6C3C2009239EE /* TableColonyItem.swift in Sources */,
				7938FA391DD39F7D00D8C555 /* AppDelegate.swift in Sources */,
				7938FA4F1DD3A02F00D8C555 /* ColonyCell.swift in Sources */,
				7938FA4B1DD3A01500D8C555 /* ColonyStore.swift in Sources */,
				7938FA4D1DD3A02500D8C555 /* Colony.swift in Sources */,
			);
			runOnlyForDeploymentPostprocessing = 0;
		};
/* End PBXSourcesBuildPhase section */

/* Begin PBXVariantGroup section */
		7938FA3C1DD39F7D00D8C555 /* Main.storyboard */ = {
			isa = PBXVariantGroup;
			children = (
				7938FA3D1DD39F7D00D8C555 /* Base */,
			);
			name = Main.storyboard;
			sourceTree = "<group>";
		};
		7938FA411DD39F7D00D8C555 /* LaunchScreen.storyboard */ = {
			isa = PBXVariantGroup;
			children = (
				7938FA421DD39F7D00D8C555 /* Base */,
			);
			name = LaunchScreen.storyboard;
			sourceTree = "<group>";
		};
/* End PBXVariantGroup section */

/* Begin XCBuildConfiguration section */
		7938FA451DD39F7D00D8C555 /* Debug */ = {
			isa = XCBuildConfiguration;
			buildSettings = {
				ALWAYS_SEARCH_USER_PATHS = NO;
				CLANG_ANALYZER_NONNULL = YES;
				CLANG_CXX_LANGUAGE_STANDARD = "gnu++0x";
				CLANG_CXX_LIBRARY = "libc++";
				CLANG_ENABLE_MODULES = YES;
				CLANG_ENABLE_OBJC_ARC = YES;
				CLANG_WARN_BOOL_CONVERSION = YES;
				CLANG_WARN_CONSTANT_CONVERSION = YES;
				CLANG_WARN_DIRECT_OBJC_ISA_USAGE = YES_ERROR;
				CLANG_WARN_DOCUMENTATION_COMMENTS = YES;
				CLANG_WARN_EMPTY_BODY = YES;
				CLANG_WARN_ENUM_CONVERSION = YES;
				CLANG_WARN_INFINITE_RECURSION = YES;
				CLANG_WARN_INT_CONVERSION = YES;
				CLANG_WARN_OBJC_ROOT_CLASS = YES_ERROR;
				CLANG_WARN_SUSPICIOUS_MOVES = YES;
				CLANG_WARN_UNREACHABLE_CODE = YES;
				CLANG_WARN__DUPLICATE_METHOD_MATCH = YES;
				"CODE_SIGN_IDENTITY[sdk=iphoneos*]" = "iPhone Developer";
				COPY_PHASE_STRIP = NO;
				DEBUG_INFORMATION_FORMAT = dwarf;
				ENABLE_STRICT_OBJC_MSGSEND = YES;
				ENABLE_TESTABILITY = YES;
				GCC_C_LANGUAGE_STANDARD = gnu99;
				GCC_DYNAMIC_NO_PIC = NO;
				GCC_NO_COMMON_BLOCKS = YES;
				GCC_OPTIMIZATION_LEVEL = 0;
				GCC_PREPROCESSOR_DEFINITIONS = (
					"DEBUG=1",
					"$(inherited)",
				);
				GCC_WARN_64_TO_32_BIT_CONVERSION = YES;
				GCC_WARN_ABOUT_RETURN_TYPE = YES_ERROR;
				GCC_WARN_UNDECLARED_SELECTOR = YES;
				GCC_WARN_UNINITIALIZED_AUTOS = YES_AGGRESSIVE;
				GCC_WARN_UNUSED_FUNCTION = YES;
				GCC_WARN_UNUSED_VARIABLE = YES;
				IPHONEOS_DEPLOYMENT_TARGET = 10.1;
				MTL_ENABLE_DEBUG_INFO = YES;
				ONLY_ACTIVE_ARCH = YES;
				SDKROOT = iphoneos;
				SWIFT_ACTIVE_COMPILATION_CONDITIONS = DEBUG;
				SWIFT_OPTIMIZATION_LEVEL = "-Onone";
				TARGETED_DEVICE_FAMILY = 2;
			};
			name = Debug;
		};
		7938FA461DD39F7D00D8C555 /* Release */ = {
			isa = XCBuildConfiguration;
			buildSettings = {
				ALWAYS_SEARCH_USER_PATHS = NO;
				CLANG_ANALYZER_NONNULL = YES;
				CLANG_CXX_LANGUAGE_STANDARD = "gnu++0x";
				CLANG_CXX_LIBRARY = "libc++";
				CLANG_ENABLE_MODULES = YES;
				CLANG_ENABLE_OBJC_ARC = YES;
				CLANG_WARN_BOOL_CONVERSION = YES;
				CLANG_WARN_CONSTANT_CONVERSION = YES;
				CLANG_WARN_DIRECT_OBJC_ISA_USAGE = YES_ERROR;
				CLANG_WARN_DOCUMENTATION_COMMENTS = YES;
				CLANG_WARN_EMPTY_BODY = YES;
				CLANG_WARN_ENUM_CONVERSION = YES;
				CLANG_WARN_INFINITE_RECURSION = YES;
				CLANG_WARN_INT_CONVERSION = YES;
				CLANG_WARN_OBJC_ROOT_CLASS = YES_ERROR;
				CLANG_WARN_SUSPICIOUS_MOVES = YES;
				CLANG_WARN_UNREACHABLE_CODE = YES;
				CLANG_WARN__DUPLICATE_METHOD_MATCH = YES;
				"CODE_SIGN_IDENTITY[sdk=iphoneos*]" = "iPhone Developer";
				COPY_PHASE_STRIP = NO;
				DEBUG_INFORMATION_FORMAT = "dwarf-with-dsym";
				ENABLE_NS_ASSERTIONS = NO;
				ENABLE_STRICT_OBJC_MSGSEND = YES;
				GCC_C_LANGUAGE_STANDARD = gnu99;
				GCC_NO_COMMON_BLOCKS = YES;
				GCC_WARN_64_TO_32_BIT_CONVERSION = YES;
				GCC_WARN_ABOUT_RETURN_TYPE = YES_ERROR;
				GCC_WARN_UNDECLARED_SELECTOR = YES;
				GCC_WARN_UNINITIALIZED_AUTOS = YES_AGGRESSIVE;
				GCC_WARN_UNUSED_FUNCTION = YES;
				GCC_WARN_UNUSED_VARIABLE = YES;
				IPHONEOS_DEPLOYMENT_TARGET = 10.1;
				MTL_ENABLE_DEBUG_INFO = NO;
				SDKROOT = iphoneos;
				SWIFT_OPTIMIZATION_LEVEL = "-Owholemodule";
				TARGETED_DEVICE_FAMILY = 2;
				VALIDATE_PRODUCT = YES;
			};
			name = Release;
		};
		7938FA481DD39F7D00D8C555 /* Debug */ = {
			isa = XCBuildConfiguration;
			buildSettings = {
				ASSETCATALOG_COMPILER_APPICON_NAME = AppIcon;
				INFOPLIST_FILE = GOLApp/Info.plist;
				LD_RUNPATH_SEARCH_PATHS = "$(inherited) @executable_path/Frameworks";
				PRODUCT_BUNDLE_IDENTIFIER = YanivAmiri.GOLApp;
				PRODUCT_NAME = "$(TARGET_NAME)";
				SWIFT_VERSION = 3.0;
			};
			name = Debug;
		};
		7938FA491DD39F7D00D8C555 /* Release */ = {
			isa = XCBuildConfiguration;
			buildSettings = {
				ASSETCATALOG_COMPILER_APPICON_NAME = AppIcon;
				INFOPLIST_FILE = GOLApp/Info.plist;
				LD_RUNPATH_SEARCH_PATHS = "$(inherited) @executable_path/Frameworks";
				PRODUCT_BUNDLE_IDENTIFIER = YanivAmiri.GOLApp;
				PRODUCT_NAME = "$(TARGET_NAME)";
				SWIFT_VERSION = 3.0;
			};
			name = Release;
		};
/* End XCBuildConfiguration section */

/* Begin XCConfigurationList section */
		7938FA301DD39F7D00D8C555 /* Build configuration list for PBXProject "GOLApp" */ = {
			isa = XCConfigurationList;
			buildConfigurations = (
				7938FA451DD39F7D00D8C555 /* Debug */,
				7938FA461DD39F7D00D8C555 /* Release */,
			);
			defaultConfigurationIsVisible = 0;
			defaultConfigurationName = Release;
		};
		7938FA471DD39F7D00D8C555 /* Build configuration list for PBXNativeTarget "GOLApp" */ = {
			isa = XCConfigurationList;
			buildConfigurations = (
				7938FA481DD39F7D00D8C555 /* Debug */,
				7938FA491DD39F7D00D8C555 /* Release */,
			);
			defaultConfigurationIsVisible = 0;
			defaultConfigurationName = Release;
		};
/* End XCConfigurationList section */
	};
	rootObject = 7938FA2D1DD39F7D00D8C555 /* Project object */;
}
